// !$*UTF8*$!
{
	archiveVersion = 1;
	classes = {
	};
	objectVersion = 56;
	objects = {

/* Begin PBXBuildFile section */
		12D6B630296E0DB10048ABB5 /* SmartDayPlannerApp.swift in Sources */ = {isa = PBXBuildFile; fileRef = 12D6B62F296E0DB10048ABB5 /* SmartDayPlannerApp.swift */; };
		12D6B632296E0DB10048ABB5 /* ContentView.swift in Sources */ = {isa = PBXBuildFile; fileRef = 12D6B631296E0DB10048ABB5 /* ContentView.swift */; };
		12D6B634296E0DB30048ABB5 /* Assets.xcassets in Resources */ = {isa = PBXBuildFile; fileRef = 12D6B633296E0DB30048ABB5 /* Assets.xcassets */; };
		12D6B637296E0DB30048ABB5 /* Preview Assets.xcassets in Resources */ = {isa = PBXBuildFile; fileRef = 12D6B636296E0DB30048ABB5 /* Preview Assets.xcassets */; };
		12D6B63E296E0FB70048ABB5 /* Event.swift in Sources */ = {isa = PBXBuildFile; fileRef = 12D6B63D296E0FB70048ABB5 /* Event.swift */; };
		12F033ED296F2AA100E99C71 /* EventTask.swift in Sources */ = {isa = PBXBuildFile; fileRef = 12F033EC296F2AA100E99C71 /* EventTask.swift */; };
		12F033EF296F2C3D00E99C71 /* EventData.swift in Sources */ = {isa = PBXBuildFile; fileRef = 12F033EE296F2C3D00E99C71 /* EventData.swift */; };
		12F033F1296F2C8D00E99C71 /* EventList.swift in Sources */ = {isa = PBXBuildFile; fileRef = 12F033F0296F2C8D00E99C71 /* EventList.swift */; };
		12F033F3296F2D6D00E99C71 /* ColorOption.swift in Sources */ = {isa = PBXBuildFile; fileRef = 12F033F2296F2D6D00E99C71 /* ColorOption.swift */; };
		12F033F5296F2D9500E99C71 /* EventEditor.swift in Sources */ = {isa = PBXBuildFile; fileRef = 12F033F4296F2D9500E99C71 /* EventEditor.swift */; };
		12F033F7296F2DB900E99C71 /* EventDetail.swift in Sources */ = {isa = PBXBuildFile; fileRef = 12F033F6296F2DB900E99C71 /* EventDetail.swift */; };
		12F033F9296F2DD800E99C71 /* SFSymbolStyling.swift in Sources */ = {isa = PBXBuildFile; fileRef = 12F033F8296F2DD800E99C71 /* SFSymbolStyling.swift */; };
		12F033FE296F2DF900E99C71 /* SymbolPicker.swift in Sources */ = {isa = PBXBuildFile; fileRef = 12F033FA296F2DF900E99C71 /* SymbolPicker.swift */; };
		12F033FF296F2DF900E99C71 /* EventSymbols.swift in Sources */ = {isa = PBXBuildFile; fileRef = 12F033FB296F2DF900E99C71 /* EventSymbols.swift */; };
		12F03400296F2DF900E99C71 /* TaskRow.swift in Sources */ = {isa = PBXBuildFile; fileRef = 12F033FC296F2DF900E99C71 /* TaskRow.swift */; };
		12F03401296F2DF900E99C71 /* EventRow.swift in Sources */ = {isa = PBXBuildFile; fileRef = 12F033FD296F2DF900E99C71 /* EventRow.swift */; };
/* End PBXBuildFile section */

/* Begin PBXFileReference section */
		12D6B62C296E0DB10048ABB5 /* SmartDayPlanner.app */ = {isa = PBXFileReference; explicitFileType = wrapper.application; includeInIndex = 0; path = SmartDayPlanner.app; sourceTree = BUILT_PRODUCTS_DIR; };
		12D6B62F296E0DB10048ABB5 /* SmartDayPlannerApp.swift */ = {isa = PBXFileReference; lastKnownFileType = sourcecode.swift; path = SmartDayPlannerApp.swift; sourceTree = "<group>"; };
		12D6B631296E0DB10048ABB5 /* ContentView.swift */ = {isa = PBXFileReference; lastKnownFileType = sourcecode.swift; path = ContentView.swift; sourceTree = "<group>"; };
		12D6B633296E0DB30048ABB5 /* Assets.xcassets */ = {isa = PBXFileReference; lastKnownFileType = folder.assetcatalog; path = Assets.xcassets; sourceTree = "<group>"; };
		12D6B636296E0DB30048ABB5 /* Preview Assets.xcassets */ = {isa = PBXFileReference; lastKnownFileType = folder.assetcatalog; path = "Preview Assets.xcassets"; sourceTree = "<group>"; };
		12D6B63D296E0FB70048ABB5 /* Event.swift */ = {isa = PBXFileReference; lastKnownFileType = sourcecode.swift; path = Event.swift; sourceTree = "<group>"; };
		12F033EC296F2AA100E99C71 /* EventTask.swift */ = {isa = PBXFileReference; lastKnownFileType = sourcecode.swift; path = EventTask.swift; sourceTree = "<group>"; };
		12F033EE296F2C3D00E99C71 /* EventData.swift */ = {isa = PBXFileReference; lastKnownFileType = sourcecode.swift; path = EventData.swift; sourceTree = "<group>"; };
		12F033F0296F2C8D00E99C71 /* EventList.swift */ = {isa = PBXFileReference; lastKnownFileType = sourcecode.swift; path = EventList.swift; sourceTree = "<group>"; };
		12F033F2296F2D6D00E99C71 /* ColorOption.swift */ = {isa = PBXFileReference; lastKnownFileType = sourcecode.swift; path = ColorOption.swift; sourceTree = "<group>"; };
		12F033F4296F2D9500E99C71 /* EventEditor.swift */ = {isa = PBXFileReference; lastKnownFileType = sourcecode.swift; path = EventEditor.swift; sourceTree = "<group>"; };
		12F033F6296F2DB900E99C71 /* EventDetail.swift */ = {isa = PBXFileReference; lastKnownFileType = sourcecode.swift; path = EventDetail.swift; sourceTree = "<group>"; };
		12F033F8296F2DD800E99C71 /* SFSymbolStyling.swift */ = {isa = PBXFileReference; fileEncoding = 4; lastKnownFileType = sourcecode.swift; name = SFSymbolStyling.swift; path = "../../../Downloads/Date Planner.swiftpm/App/SFSymbolStyling.swift"; sourceTree = "<group>"; };
		12F033FA296F2DF900E99C71 /* SymbolPicker.swift */ = {isa = PBXFileReference; fileEncoding = 4; lastKnownFileType = sourcecode.swift; name = SymbolPicker.swift; path = "../../../Downloads/Date Planner.swiftpm/App/SymbolPicker.swift"; sourceTree = "<group>"; };
		12F033FB296F2DF900E99C71 /* EventSymbols.swift */ = {isa = PBXFileReference; fileEncoding = 4; lastKnownFileType = sourcecode.swift; name = EventSymbols.swift; path = "../../../Downloads/Date Planner.swiftpm/App/EventSymbols.swift"; sourceTree = "<group>"; };
		12F033FC296F2DF900E99C71 /* TaskRow.swift */ = {isa = PBXFileReference; fileEncoding = 4; lastKnownFileType = sourcecode.swift; name = TaskRow.swift; path = "../../../Downloads/Date Planner.swiftpm/App/TaskRow.swift"; sourceTree = "<group>"; };
		12F033FD296F2DF900E99C71 /* EventRow.swift */ = {isa = PBXFileReference; fileEncoding = 4; lastKnownFileType = sourcecode.swift; name = EventRow.swift; path = "../../../Downloads/Date Planner.swiftpm/App/EventRow.swift"; sourceTree = "<group>"; };
/* End PBXFileReference section */

/* Begin PBXFrameworksBuildPhase section */
		12D6B629296E0DB10048ABB5 /* Frameworks */ = {
			isa = PBXFrameworksBuildPhase;
			buildActionMask = 2147483647;
			files = (
			);
			runOnlyForDeploymentPostprocessing = 0;
		};
/* End PBXFrameworksBuildPhase section */

/* Begin PBXGroup section */
		12D6B623296E0DB10048ABB5 = {
			isa = PBXGroup;
			children = (
				12D6B62E296E0DB10048ABB5 /* SmartDayPlanner */,
				12D6B62D296E0DB10048ABB5 /* Products */,
			);
			sourceTree = "<group>";
		};
		12D6B62D296E0DB10048ABB5 /* Products */ = {
			isa = PBXGroup;
			children = (
				12D6B62C296E0DB10048ABB5 /* SmartDayPlanner.app */,
			);
			name = Products;
			sourceTree = "<group>";
		};
		12D6B62E296E0DB10048ABB5 /* SmartDayPlanner */ = {
			isa = PBXGroup;
			children = (
				12D6B62F296E0DB10048ABB5 /* SmartDayPlannerApp.swift */,
				12D6B63D296E0FB70048ABB5 /* Event.swift */,
				12F033EE296F2C3D00E99C71 /* EventData.swift */,
				12F033F0296F2C8D00E99C71 /* EventList.swift */,
				12F033F2296F2D6D00E99C71 /* ColorOption.swift */,
				12F033EC296F2AA100E99C71 /* EventTask.swift */,
				12D6B631296E0DB10048ABB5 /* ContentView.swift */,
				12F033F4296F2D9500E99C71 /* EventEditor.swift */,
				12F033FD296F2DF900E99C71 /* EventRow.swift */,
				12F033FB296F2DF900E99C71 /* EventSymbols.swift */,
				12F033FA296F2DF900E99C71 /* SymbolPicker.swift */,
				12F033FC296F2DF900E99C71 /* TaskRow.swift */,
				12F033F8296F2DD800E99C71 /* SFSymbolStyling.swift */,
				12F033F6296F2DB900E99C71 /* EventDetail.swift */,
				12D6B633296E0DB30048ABB5 /* Assets.xcassets */,
				12D6B635296E0DB30048ABB5 /* Preview Content */,
			);
			path = SmartDayPlanner;
			sourceTree = "<group>";
		};
		12D6B635296E0DB30048ABB5 /* Preview Content */ = {
			isa = PBXGroup;
			children = (
				12D6B636296E0DB30048ABB5 /* Preview Assets.xcassets */,
			);
			path = "Preview Content";
			sourceTree = "<group>";
		};
/* End PBXGroup section */

/* Begin PBXNativeTarget section */
		12D6B62B296E0DB10048ABB5 /* SmartDayPlanner */ = {
			isa = PBXNativeTarget;
			buildConfigurationList = 12D6B63A296E0DB30048ABB5 /* Build configuration list for PBXNativeTarget "SmartDayPlanner" */;
			buildPhases = (
				12D6B628296E0DB10048ABB5 /* Sources */,
				12D6B629296E0DB10048ABB5 /* Frameworks */,
				12D6B62A296E0DB10048ABB5 /* Resources */,
			);
			buildRules = (
			);
			dependencies = (
			);
			name = SmartDayPlanner;
			productName = SmartDayPlanner;
			productReference = 12D6B62C296E0DB10048ABB5 /* SmartDayPlanner.app */;
			productType = "com.apple.product-type.application";
		};
/* End PBXNativeTarget section */

/* Begin PBXProject section */
		12D6B624296E0DB10048ABB5 /* Project object */ = {
			isa = PBXProject;
			attributes = {
				BuildIndependentTargetsInParallel = 1;
				LastSwiftUpdateCheck = 1420;
				LastUpgradeCheck = 1420;
				TargetAttributes = {
					12D6B62B296E0DB10048ABB5 = {
						CreatedOnToolsVersion = 14.2;
					};
				};
			};
			buildConfigurationList = 12D6B627296E0DB10048ABB5 /* Build configuration list for PBXProject "SmartDayPlanner" */;
			compatibilityVersion = "Xcode 14.0";
			developmentRegion = en;
			hasScannedForEncodings = 0;
			knownRegions = (
				en,
				Base,
			);
			mainGroup = 12D6B623296E0DB10048ABB5;
			productRefGroup = 12D6B62D296E0DB10048ABB5 /* Products */;
			projectDirPath = "";
			projectRoot = "";
			targets = (
				12D6B62B296E0DB10048ABB5 /* SmartDayPlanner */,
			);
		};
/* End PBXProject section */

/* Begin PBXResourcesBuildPhase section */
		12D6B62A296E0DB10048ABB5 /* Resources */ = {
			isa = PBXResourcesBuildPhase;
			buildActionMask = 2147483647;
			files = (
				12D6B637296E0DB30048ABB5 /* Preview Assets.xcassets in Resources */,
				12D6B634296E0DB30048ABB5 /* Assets.xcassets in Resources */,
			);
			runOnlyForDeploymentPostprocessing = 0;
		};
/* End PBXResourcesBuildPhase section */

/* Begin PBXSourcesBuildPhase section */
		12D6B628296E0DB10048ABB5 /* Sources */ = {
			isa = PBXSourcesBuildPhase;
			buildActionMask = 2147483647;
			files = (
				12F033F1296F2C8D00E99C71 /* EventList.swift in Sources */,
				12D6B632296E0DB10048ABB5 /* ContentView.swift in Sources */,
				12F033FE296F2DF900E99C71 /* SymbolPicker.swift in Sources */,
				12D6B63E296E0FB70048ABB5 /* Event.swift in Sources */,
				12F033EF296F2C3D00E99C71 /* EventData.swift in Sources */,
				12F03400296F2DF900E99C71 /* TaskRow.swift in Sources */,
				12D6B630296E0DB10048ABB5 /* SmartDayPlannerApp.swift in Sources */,
				12F033F7296F2DB900E99C71 /* EventDetail.swift in Sources */,
				12F033F5296F2D9500E99C71 /* EventEditor.swift in Sources */,
				12F033FF296F2DF900E99C71 /* EventSymbols.swift in Sources */,
				12F033ED296F2AA100E99C71 /* EventTask.swift in Sources */,
				12F03401296F2DF900E99C71 /* EventRow.swift in Sources */,
				12F033F3296F2D6D00E99C71 /* ColorOption.swift in Sources */,
				12F033F9296F2DD800E99C71 /* SFSymbolStyling.swift in Sources */,
			);
			runOnlyForDeploymentPostprocessing = 0;
		};
/* End PBXSourcesBuildPhase section */

/* Begin XCBuildConfiguration section */
		12D6B638296E0DB30048ABB5 /* Debug */ = {
			isa = XCBuildConfiguration;
			buildSettings = {
				ALWAYS_SEARCH_USER_PATHS = NO;
				CLANG_ANALYZER_NONNULL = YES;
				CLANG_ANALYZER_NUMBER_OBJECT_CONVERSION = YES_AGGRESSIVE;
				CLANG_CXX_LANGUAGE_STANDARD = "gnu++20";
				CLANG_ENABLE_MODULES = YES;
				CLANG_ENABLE_OBJC_ARC = YES;
				CLANG_ENABLE_OBJC_WEAK = YES;
				CLANG_WARN_BLOCK_CAPTURE_AUTORELEASING = YES;
				CLANG_WARN_BOOL_CONVERSION = YES;
				CLANG_WARN_COMMA = YES;
				CLANG_WARN_CONSTANT_CONVERSION = YES;
				CLANG_WARN_DEPRECATED_OBJC_IMPLEMENTATIONS = YES;
				CLANG_WARN_DIRECT_OBJC_ISA_USAGE = YES_ERROR;
				CLANG_WARN_DOCUMENTATION_COMMENTS = YES;
				CLANG_WARN_EMPTY_BODY = YES;
				CLANG_WARN_ENUM_CONVERSION = YES;
				CLANG_WARN_INFINITE_RECURSION = YES;
				CLANG_WARN_INT_CONVERSION = YES;
				CLANG_WARN_NON_LITERAL_NULL_CONVERSION = YES;
				CLANG_WARN_OBJC_IMPLICIT_RETAIN_SELF = YES;
				CLANG_WARN_OBJC_LITERAL_CONVERSION = YES;
				CLANG_WARN_OBJC_ROOT_CLASS = YES_ERROR;
				CLANG_WARN_QUOTED_INCLUDE_IN_FRAMEWORK_HEADER = YES;
				CLANG_WARN_RANGE_LOOP_ANALYSIS = YES;
				CLANG_WARN_STRICT_PROTOTYPES = YES;
				CLANG_WARN_SUSPICIOUS_MOVE = YES;
				CLANG_WARN_UNGUARDED_AVAILABILITY = YES_AGGRESSIVE;
				CLANG_WARN_UNREACHABLE_CODE = YES;
				CLANG_WARN__DUPLICATE_METHOD_MATCH = YES;
				COPY_PHASE_STRIP = NO;
				DEBUG_INFORMATION_FORMAT = dwarf;
				ENABLE_STRICT_OBJC_MSGSEND = YES;
				ENABLE_TESTABILITY = YES;
				GCC_C_LANGUAGE_STANDARD = gnu11;
				GCC_DYNAMIC_NO_PIC = NO;
				GCC_NO_COMMON_BLOCKS = YES;
				GCC_OPTIMIZATION_LEVEL = 0;
				GCC_PREPROCESSOR_DEFINITIONS = (
					"DEBUG=1",
					"$(inherited)",
				);
				GCC_WARN_64_TO_32_BIT_CONVERSION = YES;
				GCC_WARN_ABOUT_RETURN_TYPE = YES_ERROR;
				GCC_WARN_UNDECLARED_SELECTOR = YES;
				GCC_WARN_UNINITIALIZED_AUTOS = YES_AGGRESSIVE;
				GCC_WARN_UNUSED_FUNCTION = YES;
				GCC_WARN_UNUSED_VARIABLE = YES;
				IPHONEOS_DEPLOYMENT_TARGET = 16.2;
				MTL_ENABLE_DEBUG_INFO = INCLUDE_SOURCE;
				MTL_FAST_MATH = YES;
				ONLY_ACTIVE_ARCH = YES;
				SDKROOT = iphoneos;
				SWIFT_ACTIVE_COMPILATION_CONDITIONS = DEBUG;
				SWIFT_OPTIMIZATION_LEVEL = "-Onone";
			};
			name = Debug;
		};
		12D6B639296E0DB30048ABB5 /* Release */ = {
			isa = XCBuildConfiguration;
			buildSettings = {
				ALWAYS_SEARCH_USER_PATHS = NO;
				CLANG_ANALYZER_NONNULL = YES;
				CLANG_ANALYZER_NUMBER_OBJECT_CONVERSION = YES_AGGRESSIVE;
				CLANG_CXX_LANGUAGE_STANDARD = "gnu++20";
				CLANG_ENABLE_MODULES = YES;
				CLANG_ENABLE_OBJC_ARC = YES;
				CLANG_ENABLE_OBJC_WEAK = YES;
				CLANG_WARN_BLOCK_CAPTURE_AUTORELEASING = YES;
				CLANG_WARN_BOOL_CONVERSION = YES;
				CLANG_WARN_COMMA = YES;
				CLANG_WARN_CONSTANT_CONVERSION = YES;
				CLANG_WARN_DEPRECATED_OBJC_IMPLEMENTATIONS = YES;
				CLANG_WARN_DIRECT_OBJC_ISA_USAGE = YES_ERROR;
				CLANG_WARN_DOCUMENTATION_COMMENTS = YES;
				CLANG_WARN_EMPTY_BODY = YES;
				CLANG_WARN_ENUM_CONVERSION = YES;
				CLANG_WARN_INFINITE_RECURSION = YES;
				CLANG_WARN_INT_CONVERSION = YES;
				CLANG_WARN_NON_LITERAL_NULL_CONVERSION = YES;
				CLANG_WARN_OBJC_IMPLICIT_RETAIN_SELF = YES;
				CLANG_WARN_OBJC_LITERAL_CONVERSION = YES;
				CLANG_WARN_OBJC_ROOT_CLASS = YES_ERROR;
				CLANG_WARN_QUOTED_INCLUDE_IN_FRAMEWORK_HEADER = YES;
				CLANG_WARN_RANGE_LOOP_ANALYSIS = YES;
				CLANG_WARN_STRICT_PROTOTYPES = YES;
				CLANG_WARN_SUSPICIOUS_MOVE = YES;
				CLANG_WARN_UNGUARDED_AVAILABILITY = YES_AGGRESSIVE;
				CLANG_WARN_UNREACHABLE_CODE = YES;
				CLANG_WARN__DUPLICATE_METHOD_MATCH = YES;
				COPY_PHASE_STRIP = NO;
				DEBUG_INFORMATION_FORMAT = "dwarf-with-dsym";
				ENABLE_NS_ASSERTIONS = NO;
				ENABLE_STRICT_OBJC_MSGSEND = YES;
				GCC_C_LANGUAGE_STANDARD = gnu11;
				GCC_NO_COMMON_BLOCKS = YES;
				GCC_WARN_64_TO_32_BIT_CONVERSION = YES;
				GCC_WARN_ABOUT_RETURN_TYPE = YES_ERROR;
				GCC_WARN_UNDECLARED_SELECTOR = YES;
				GCC_WARN_UNINITIALIZED_AUTOS = YES_AGGRESSIVE;
				GCC_WARN_UNUSED_FUNCTION = YES;
				GCC_WARN_UNUSED_VARIABLE = YES;
				IPHONEOS_DEPLOYMENT_TARGET = 16.2;
				MTL_ENABLE_DEBUG_INFO = NO;
				MTL_FAST_MATH = YES;
				SDKROOT = iphoneos;
				SWIFT_COMPILATION_MODE = wholemodule;
				SWIFT_OPTIMIZATION_LEVEL = "-O";
				VALIDATE_PRODUCT = YES;
			};
			name = Release;
		};
		12D6B63B296E0DB30048ABB5 /* Debug */ = {
			isa = XCBuildConfiguration;
			buildSettings = {
				ASSETCATALOG_COMPILER_APPICON_NAME = AppIcon;
				ASSETCATALOG_COMPILER_GLOBAL_ACCENT_COLOR_NAME = AccentColor;
				CODE_SIGN_STYLE = Automatic;
				CURRENT_PROJECT_VERSION = 1;
				DEVELOPMENT_ASSET_PATHS = "\"SmartDayPlanner/Preview Content\"";
				ENABLE_PREVIEWS = YES;
				GENERATE_INFOPLIST_FILE = YES;
				INFOPLIST_KEY_UIApplicationSceneManifest_Generation = YES;
				INFOPLIST_KEY_UIApplicationSupportsIndirectInputEvents = YES;
				INFOPLIST_KEY_UILaunchScreen_Generation = YES;
				INFOPLIST_KEY_UISupportedInterfaceOrientations_iPad = "UIInterfaceOrientationPortrait UIInterfaceOrientationPortraitUpsideDown UIInterfaceOrientationLandscapeLeft UIInterfaceOrientationLandscapeRight";
				INFOPLIST_KEY_UISupportedInterfaceOrientations_iPhone = "UIInterfaceOrientationPortrait UIInterfaceOrientationLandscapeLeft UIInterfaceOrientationLandscapeRight";
				LD_RUNPATH_SEARCH_PATHS = (
					"$(inherited)",
					"@executable_path/Frameworks",
				);
				MARKETING_VERSION = 1.0;
				PRODUCT_BUNDLE_IDENTIFIER = codzure.leonard.SmartDayPlanner;
				PRODUCT_NAME = "$(TARGET_NAME)";
				SWIFT_EMIT_LOC_STRINGS = YES;
				SWIFT_VERSION = 5.0;
				TARGETED_DEVICE_FAMILY = "1,2";
			};
			name = Debug;
		};
		12D6B63C296E0DB30048ABB5 /* Release */ = {
			isa = XCBuildConfiguration;
			buildSettings = {
				ASSETCATALOG_COMPILER_APPICON_NAME = AppIcon;
				ASSETCATALOG_COMPILER_GLOBAL_ACCENT_COLOR_NAME = AccentColor;
				CODE_SIGN_STYLE = Automatic;
				CURRENT_PROJECT_VERSION = 1;
				DEVELOPMENT_ASSET_PATHS = "\"SmartDayPlanner/Preview Content\"";
				ENABLE_PREVIEWS = YES;
				GENERATE_INFOPLIST_FILE = YES;
				INFOPLIST_KEY_UIApplicationSceneManifest_Generation = YES;
				INFOPLIST_KEY_UIApplicationSupportsIndirectInputEvents = YES;
				INFOPLIST_KEY_UILaunchScreen_Generation = YES;
				INFOPLIST_KEY_UISupportedInterfaceOrientations_iPad = "UIInterfaceOrientationPortrait UIInterfaceOrientationPortraitUpsideDown UIInterfaceOrientationLandscapeLeft UIInterfaceOrientationLandscapeRight";
				INFOPLIST_KEY_UISupportedInterfaceOrientations_iPhone = "UIInterfaceOrientationPortrait UIInterfaceOrientationLandscapeLeft UIInterfaceOrientationLandscapeRight";
				LD_RUNPATH_SEARCH_PATHS = (
					"$(inherited)",
					"@executable_path/Frameworks",
				);
				MARKETING_VERSION = 1.0;
				PRODUCT_BUNDLE_IDENTIFIER = codzure.leonard.SmartDayPlanner;
				PRODUCT_NAME = "$(TARGET_NAME)";
				SWIFT_EMIT_LOC_STRINGS = YES;
				SWIFT_VERSION = 5.0;
				TARGETED_DEVICE_FAMILY = "1,2";
			};
			name = Release;
		};
/* End XCBuildConfiguration section */

/* Begin XCConfigurationList section */
		12D6B627296E0DB10048ABB5 /* Build configuration list for PBXProject "SmartDayPlanner" */ = {
			isa = XCConfigurationList;
			buildConfigurations = (
				12D6B638296E0DB30048ABB5 /* Debug */,
				12D6B639296E0DB30048ABB5 /* Release */,
			);
			defaultConfigurationIsVisible = 0;
			defaultConfigurationName = Release;
		};
		12D6B63A296E0DB30048ABB5 /* Build configuration list for PBXNativeTarget "SmartDayPlanner" */ = {
			isa = XCConfigurationList;
			buildConfigurations = (
				12D6B63B296E0DB30048ABB5 /* Debug */,
				12D6B63C296E0DB30048ABB5 /* Release */,
			);
			defaultConfigurationIsVisible = 0;
			defaultConfigurationName = Release;
		};
/* End XCConfigurationList section */
	};
	rootObject = 12D6B624296E0DB10048ABB5 /* Project object */;
}
